<?xml version="1.0" encoding="utf-8"?>
<Project ToolsVersion="4.0" xmlns="http://schemas.microsoft.com/developer/msbuild/2003">
  <ItemGroup>
    <Filter Include="Source Files">
      <UniqueIdentifier>{4FC737F1-C7A5-4376-A066-2A32D752A2FF}</UniqueIdentifier>
      <Extensions>cpp;c;cc;cxx;def;odl;idl;hpj;bat;asm;asmx</Extensions>
    </Filter>
    <Filter Include="Header Files">
      <UniqueIdentifier>{93995380-89BD-4b04-88EB-625FBE52EBFB}</UniqueIdentifier>
      <Extensions>h;hh;hpp;hxx;hm;inl;inc;xsd</Extensions>
    </Filter>
    <Filter Include="Resource Files">
      <UniqueIdentifier>{67DA6AB6-F800-4c08-8B7A-83BB121AAD01}</UniqueIdentifier>
      <Extensions>rc;ico;cur;bmp;dlg;rc2;rct;bin;rgs;gif;jpg;jpeg;jpe;resx;tiff;tif;png;wav;mfcribbon-ms</Extensions>
    </Filter>
  </ItemGroup>
  <ItemGroup>
    <Text Include="ReadMe.txt" />
  </ItemGroup>
  <ItemGroup>
    <ClInclude Include="..\..\..\..\Anthony O%27Sullivan\Desktop\pegleg_pirateGit\PegLeg_Pirates\Camera.h">
      <Filter>Header Files</Filter>
    </ClInclude>
    <ClInclude Include="..\..\..\..\Anthony O%27Sullivan\Desktop\pegleg_pirateGit\PegLeg_Pirates\Controller.h">
      <Filter>Header Files</Filter>
    </ClInclude>
    <ClInclude Include="..\..\..\..\Anthony O%27Sullivan\Desktop\pegleg_pirateGit\PegLeg_Pirates\EnemyGun.h">
      <Filter>Header Files</Filter>
    </ClInclude>
    <ClInclude Include="..\..\..\..\Anthony O%27Sullivan\Desktop\pegleg_pirateGit\PegLeg_Pirates\EnemySword.h">
      <Filter>Header Files</Filter>
    </ClInclude>
    <ClInclude Include="..\..\..\..\Anthony O%27Sullivan\Desktop\pegleg_pirateGit\PegLeg_Pirates\Entity.h">
      <Filter>Header Files</Filter>
    </ClInclude>
    <ClInclude Include="..\..\..\..\Anthony O%27Sullivan\Desktop\pegleg_pirateGit\PegLeg_Pirates\GameScene.h">
      <Filter>Header Files</Filter>
    </ClInclude>
    <ClInclude Include="..\..\..\..\Anthony O%27Sullivan\Desktop\pegleg_pirateGit\PegLeg_Pirates\LevelSelect.h">
      <Filter>Header Files</Filter>
    </ClInclude>
    <ClInclude Include="..\..\..\..\Anthony O%27Sullivan\Desktop\pegleg_pirateGit\PegLeg_Pirates\MenuScene.h">
      <Filter>Header Files</Filter>
    </ClInclude>
    <ClInclude Include="..\..\..\..\Anthony O%27Sullivan\Desktop\pegleg_pirateGit\PegLeg_Pirates\OptionsScene.h">
      <Filter>Header Files</Filter>
    </ClInclude>
    <ClInclude Include="..\..\..\..\Anthony O%27Sullivan\Desktop\pegleg_pirateGit\PegLeg_Pirates\Player.h">
      <Filter>Header Files</Filter>
    </ClInclude>
    <ClInclude Include="..\..\..\..\Anthony O%27Sullivan\Desktop\pegleg_pirateGit\PegLeg_Pirates\Projectile.h">
      <Filter>Header Files</Filter>
    </ClInclude>
    <ClInclude Include="..\..\..\..\Anthony O%27Sullivan\Desktop\pegleg_pirateGit\PegLeg_Pirates\ProjectileManager.h">
      <Filter>Header Files</Filter>
    </ClInclude>
    <ClInclude Include="..\..\..\..\Anthony O%27Sullivan\Desktop\pegleg_pirateGit\PegLeg_Pirates\SceneManager.h">
      <Filter>Header Files</Filter>
    </ClInclude>
    <ClInclude Include="..\..\..\..\Anthony O%27Sullivan\Desktop\pegleg_pirateGit\PegLeg_Pirates\sound.hpp">
      <Filter>Header Files</Filter>
    </ClInclude>
    <ClInclude Include="..\..\..\..\Anthony O%27Sullivan\Desktop\pegleg_pirateGit\PegLeg_Pirates\stdafx.h">
      <Filter>Header Files</Filter>
    </ClInclude>
    <ClInclude Include="..\..\..\..\Anthony O%27Sullivan\Desktop\pegleg_pirateGit\PegLeg_Pirates\targetver.h">
      <Filter>Header Files</Filter>
    </ClInclude>
    <ClInclude Include="..\..\..\..\Anthony O%27Sullivan\Desktop\pegleg_pirateGit\PegLeg_Pirates\WaveManager.h">
      <Filter>Header Files</Filter>
    </ClInclude>
  </ItemGroup>
  <ItemGroup>
    <ClCompile Include="..\..\..\..\Anthony O%27Sullivan\Desktop\pegleg_pirateGit\PegLeg_Pirates\Camera.cpp">
      <Filter>Source Files</Filter>
    </ClCompile>
    <ClCompile Include="..\..\..\..\Anthony O%27Sullivan\Desktop\pegleg_pirateGit\PegLeg_Pirates\Controller.cpp">
      <Filter>Source Files</Filter>
    </ClCompile>
    <ClCompile Include="..\..\..\..\Anthony O%27Sullivan\Desktop\pegleg_pirateGit\PegLeg_Pirates\EnemyGun.cpp">
      <Filter>Source Files</Filter>
    </ClCompile>
    <ClCompile Include="..\..\..\..\Anthony O%27Sullivan\Desktop\pegleg_pirateGit\PegLeg_Pirates\EnemySword.cpp">
      <Filter>Source Files</Filter>
    </ClCompile>
    <ClCompile Include="..\..\..\..\Anthony O%27Sullivan\Desktop\pegleg_pirateGit\PegLeg_Pirates\Entity.cpp">
      <Filter>Source Files</Filter>
    </ClCompile>
    <ClCompile Include="..\..\..\..\Anthony O%27Sullivan\Desktop\pegleg_pirateGit\PegLeg_Pirates\GameScene.cpp">
      <Filter>Source Files</Filter>
    </ClCompile>
    <ClCompile Include="..\..\..\..\Anthony O%27Sullivan\Desktop\pegleg_pirateGit\PegLeg_Pirates\LevelSelect.cpp">
      <Filter>Source Files</Filter>
    </ClCompile>
    <ClCompile Include="..\..\..\..\Anthony O%27Sullivan\Desktop\pegleg_pirateGit\PegLeg_Pirates\MenuScene.cpp">
      <Filter>Source Files</Filter>
    </ClCompile>
    <ClCompile Include="..\..\..\..\Anthony O%27Sullivan\Desktop\pegleg_pirateGit\PegLeg_Pirates\OptionsScene.cpp">
      <Filter>Source Files</Filter>
    </ClCompile>
    <ClCompile Include="..\..\..\..\Anthony O%27Sullivan\Desktop\pegleg_pirateGit\PegLeg_Pirates\PegLeg_Pirates.cpp">
      <Filter>Source Files</Filter>
    </ClCompile>
    <ClCompile Include="..\..\..\..\Anthony O%27Sullivan\Desktop\pegleg_pirateGit\PegLeg_Pirates\Player.cpp">
      <Filter>Source Files</Filter>
    </ClCompile>
    <ClCompile Include="..\..\..\..\Anthony O%27Sullivan\Desktop\pegleg_pirateGit\PegLeg_Pirates\Projectile.cpp">
      <Filter>Source Files</Filter>
    </ClCompile>
    <ClCompile Include="..\..\..\..\Anthony O%27Sullivan\Desktop\pegleg_pirateGit\PegLeg_Pirates\ProjectileManager.cpp">
      <Filter>Source Files</Filter>
    </ClCompile>
    <ClCompile Include="..\..\..\..\Anthony O%27Sullivan\Desktop\pegleg_pirateGit\PegLeg_Pirates\SceneManager.cpp">
      <Filter>Source Files</Filter>
    </ClCompile>
    <ClCompile Include="..\..\..\..\Anthony O%27Sullivan\Desktop\pegleg_pirateGit\PegLeg_Pirates\sound.cpp">
      <Filter>Source Files</Filter>
    </ClCompile>
    <ClCompile Include="..\..\..\..\Anthony O%27Sullivan\Desktop\pegleg_pirateGit\PegLeg_Pirates\stdafx.cpp">
      <Filter>Source Files</Filter>
    </ClCompile>
    <ClCompile Include="..\..\..\..\Anthony O%27Sullivan\Desktop\pegleg_pirateGit\PegLeg_Pirates\waveManager.cpp">
      <Filter>Source Files</Filter>
    </ClCompile>
  </ItemGroup>
</Project>